
Microsoft Visual Studio Solution File, Format Version 12.00
# Visual Studio Version 17
VisualStudioVersion = 17.6.33815.320
MinimumVisualStudioVersion = 10.0.40219.1
Project("{FAE04EC0-301F-11D3-BF4B-00C04F79EFBC}") = "OnlineShop", "OnlineShop.csproj", "{5C473216-DDD8-4498-964D-14E9122F0C38}"
EndProject
Project("{FAE04EC0-301F-11D3-BF4B-00C04F79EFBC}") = "Models", "..\Models\Models.csproj", "{CDA8A96E-747F-49B5-B9B4-4395AE783080}"
EndProject
Global
	GlobalSection(SolutionConfigurationPlatforms) = preSolution
		Debug|Any CPU = Debug|Any CPU
		Release|Any CPU = Release|Any CPU
	EndGlobalSection
	GlobalSection(ProjectConfigurationPlatforms) = postSolution
		{5C473216-DDD8-4498-964D-14E9122F0C38}.Debug|Any CPU.ActiveCfg = Debug|Any CPU
		{5C473216-DDD8-4498-964D-14E9122F0C38}.Debug|Any CPU.Build.0 = Debug|Any CPU
		{5C473216-DDD8-4498-964D-14E9122F0C38}.Release|Any CPU.ActiveCfg = Release|Any CPU
		{5C473216-DDD8-4498-964D-14E9122F0C38}.Release|Any CPU.Build.0 = Release|Any CPU
		{CDA8A96E-747F-49B5-B9B4-4395AE783080}.Debug|Any CPU.ActiveCfg = Debug|Any CPU
		{CDA8A96E-747F-49B5-B9B4-4395AE783080}.Debug|Any CPU.Build.0 = Debug|Any CPU
		{CDA8A96E-747F-49B5-B9B4-4395AE783080}.Release|Any CPU.ActiveCfg = Release|Any CPU
		{CDA8A96E-747F-49B5-B9B4-4395AE783080}.Release|Any CPU.Build.0 = Release|Any CPU
	EndGlobalSection
	GlobalSection(SolutionProperties) = preSolution
		HideSolutionNode = FALSE
	EndGlobalSection
	GlobalSection(ExtensibilityGlobals) = postSolution
		SolutionGuid = {EE1C6459-6B07-4CE0-871C-266C70CC84B1}
	EndGlobalSection
EndGlobal
