
Microsoft Visual Studio Solution File, Format Version 12.00
# Visual Studio Version 17
VisualStudioVersion = 17.6.33815.320
MinimumVisualStudioVersion = 10.0.40219.1
Project("{FAE04EC0-301F-11D3-BF4B-00C04F79EFBC}") = "AppChatOnline", "AppChatOnline.csproj", "{5E983589-9337-4608-9BF3-D6A9D16FFA98}"
EndProject
Global
	GlobalSection(SolutionConfigurationPlatforms) = preSolution
		Debug|Any CPU = Debug|Any CPU
		Release|Any CPU = Release|Any CPU
	EndGlobalSection
	GlobalSection(ProjectConfigurationPlatforms) = postSolution
		{5E983589-9337-4608-9BF3-D6A9D16FFA98}.Debug|Any CPU.ActiveCfg = Debug|Any CPU
		{5E983589-9337-4608-9BF3-D6A9D16FFA98}.Debug|Any CPU.Build.0 = Debug|Any CPU
		{5E983589-9337-4608-9BF3-D6A9D16FFA98}.Release|Any CPU.ActiveCfg = Release|Any CPU
		{5E983589-9337-4608-9BF3-D6A9D16FFA98}.Release|Any CPU.Build.0 = Release|Any CPU
	EndGlobalSection
	GlobalSection(SolutionProperties) = preSolution
		HideSolutionNode = FALSE
	EndGlobalSection
	GlobalSection(ExtensibilityGlobals) = postSolution
		SolutionGuid = {BDF761FF-7E7F-4603-AEF3-240F7C964C1C}
	EndGlobalSection
EndGlobal
