
Microsoft Visual Studio Solution File, Format Version 12.00
# Visual Studio Version 17
VisualStudioVersion = 17.6.33815.320
MinimumVisualStudioVersion = 10.0.40219.1
Project("{FAE04EC0-301F-11D3-BF4B-00C04F79EFBC}") = "Sesson03", "Sesson03.csproj", "{7F1DD646-0408-4F38-ABA2-71724F65E3BE}"
EndProject
Project("{FAE04EC0-301F-11D3-BF4B-00C04F79EFBC}") = "Session03_Demo", "..\Session03_Demo\Session03_Demo.csproj", "{EDCD860C-2D6B-4117-98AA-247A738DE30B}"
EndProject
Project("{FAE04EC0-301F-11D3-BF4B-00C04F79EFBC}") = "Lab04", "..\Lab04\Lab04.csproj", "{810BA9EA-8725-48C9-BB04-DF50B8FF1448}"
EndProject
Project("{FAE04EC0-301F-11D3-BF4B-00C04F79EFBC}") = "Lab4_2", "..\Lab4_2\Lab4_2.csproj", "{203675A1-72B1-4400-AA2E-DFF4373675D1}"
EndProject
Project("{FAE04EC0-301F-11D3-BF4B-00C04F79EFBC}") = "Lab4_3", "..\Lab4_3\Lab4_3.csproj", "{2A393010-4F3F-42A5-B781-A1E250A431A7}"
EndProject
Project("{FAE04EC0-301F-11D3-BF4B-00C04F79EFBC}") = "Lab4_4", "..\Lab4_4\Lab4_4.csproj", "{5FCA1576-83A2-40DC-835A-8375BDB59A8B}"
EndProject
Project("{FAE04EC0-301F-11D3-BF4B-00C04F79EFBC}") = "Lab4_5", "..\Lab4_5\Lab4_5.csproj", "{7E9FFE62-91F3-4847-95FF-99484440D39D}"
EndProject
Project("{FAE04EC0-301F-11D3-BF4B-00C04F79EFBC}") = "Lab4_6", "..\Lab4_6\Lab4_6.csproj", "{215AD248-D7BE-4F76-9414-D97376D508F5}"
EndProject
Project("{FAE04EC0-301F-11D3-BF4B-00C04F79EFBC}") = "Lab04_7", "..\Lab04_7\Lab04_7.csproj", "{A4D75B40-249E-4A13-9EFA-80D3CC41B5E8}"
EndProject
Global
	GlobalSection(SolutionConfigurationPlatforms) = preSolution
		Debug|Any CPU = Debug|Any CPU
		Release|Any CPU = Release|Any CPU
	EndGlobalSection
	GlobalSection(ProjectConfigurationPlatforms) = postSolution
		{7F1DD646-0408-4F38-ABA2-71724F65E3BE}.Debug|Any CPU.ActiveCfg = Debug|Any CPU
		{7F1DD646-0408-4F38-ABA2-71724F65E3BE}.Debug|Any CPU.Build.0 = Debug|Any CPU
		{7F1DD646-0408-4F38-ABA2-71724F65E3BE}.Release|Any CPU.ActiveCfg = Release|Any CPU
		{7F1DD646-0408-4F38-ABA2-71724F65E3BE}.Release|Any CPU.Build.0 = Release|Any CPU
		{EDCD860C-2D6B-4117-98AA-247A738DE30B}.Debug|Any CPU.ActiveCfg = Debug|Any CPU
		{EDCD860C-2D6B-4117-98AA-247A738DE30B}.Debug|Any CPU.Build.0 = Debug|Any CPU
		{EDCD860C-2D6B-4117-98AA-247A738DE30B}.Release|Any CPU.ActiveCfg = Release|Any CPU
		{EDCD860C-2D6B-4117-98AA-247A738DE30B}.Release|Any CPU.Build.0 = Release|Any CPU
		{810BA9EA-8725-48C9-BB04-DF50B8FF1448}.Debug|Any CPU.ActiveCfg = Debug|Any CPU
		{810BA9EA-8725-48C9-BB04-DF50B8FF1448}.Debug|Any CPU.Build.0 = Debug|Any CPU
		{810BA9EA-8725-48C9-BB04-DF50B8FF1448}.Release|Any CPU.ActiveCfg = Release|Any CPU
		{810BA9EA-8725-48C9-BB04-DF50B8FF1448}.Release|Any CPU.Build.0 = Release|Any CPU
		{203675A1-72B1-4400-AA2E-DFF4373675D1}.Debug|Any CPU.ActiveCfg = Debug|Any CPU
		{203675A1-72B1-4400-AA2E-DFF4373675D1}.Debug|Any CPU.Build.0 = Debug|Any CPU
		{203675A1-72B1-4400-AA2E-DFF4373675D1}.Release|Any CPU.ActiveCfg = Release|Any CPU
		{203675A1-72B1-4400-AA2E-DFF4373675D1}.Release|Any CPU.Build.0 = Release|Any CPU
		{2A393010-4F3F-42A5-B781-A1E250A431A7}.Debug|Any CPU.ActiveCfg = Debug|Any CPU
		{2A393010-4F3F-42A5-B781-A1E250A431A7}.Debug|Any CPU.Build.0 = Debug|Any CPU
		{2A393010-4F3F-42A5-B781-A1E250A431A7}.Release|Any CPU.ActiveCfg = Release|Any CPU
		{2A393010-4F3F-42A5-B781-A1E250A431A7}.Release|Any CPU.Build.0 = Release|Any CPU
		{5FCA1576-83A2-40DC-835A-8375BDB59A8B}.Debug|Any CPU.ActiveCfg = Debug|Any CPU
		{5FCA1576-83A2-40DC-835A-8375BDB59A8B}.Debug|Any CPU.Build.0 = Debug|Any CPU
		{5FCA1576-83A2-40DC-835A-8375BDB59A8B}.Release|Any CPU.ActiveCfg = Release|Any CPU
		{5FCA1576-83A2-40DC-835A-8375BDB59A8B}.Release|Any CPU.Build.0 = Release|Any CPU
		{7E9FFE62-91F3-4847-95FF-99484440D39D}.Debug|Any CPU.ActiveCfg = Debug|Any CPU
		{7E9FFE62-91F3-4847-95FF-99484440D39D}.Debug|Any CPU.Build.0 = Debug|Any CPU
		{7E9FFE62-91F3-4847-95FF-99484440D39D}.Release|Any CPU.ActiveCfg = Release|Any CPU
		{7E9FFE62-91F3-4847-95FF-99484440D39D}.Release|Any CPU.Build.0 = Release|Any CPU
		{215AD248-D7BE-4F76-9414-D97376D508F5}.Debug|Any CPU.ActiveCfg = Debug|Any CPU
		{215AD248-D7BE-4F76-9414-D97376D508F5}.Debug|Any CPU.Build.0 = Debug|Any CPU
		{215AD248-D7BE-4F76-9414-D97376D508F5}.Release|Any CPU.ActiveCfg = Release|Any CPU
		{215AD248-D7BE-4F76-9414-D97376D508F5}.Release|Any CPU.Build.0 = Release|Any CPU
		{A4D75B40-249E-4A13-9EFA-80D3CC41B5E8}.Debug|Any CPU.ActiveCfg = Debug|Any CPU
		{A4D75B40-249E-4A13-9EFA-80D3CC41B5E8}.Debug|Any CPU.Build.0 = Debug|Any CPU
		{A4D75B40-249E-4A13-9EFA-80D3CC41B5E8}.Release|Any CPU.ActiveCfg = Release|Any CPU
		{A4D75B40-249E-4A13-9EFA-80D3CC41B5E8}.Release|Any CPU.Build.0 = Release|Any CPU
	EndGlobalSection
	GlobalSection(SolutionProperties) = preSolution
		HideSolutionNode = FALSE
	EndGlobalSection
	GlobalSection(ExtensibilityGlobals) = postSolution
		SolutionGuid = {4885F749-0183-4D97-B2C3-D9B8C737B371}
	EndGlobalSection
EndGlobal
