
Microsoft Visual Studio Solution File, Format Version 12.00
# Visual Studio Version 17
VisualStudioVersion = 17.6.33815.320
MinimumVisualStudioVersion = 10.0.40219.1
Project("{FAE04EC0-301F-11D3-BF4B-00C04F79EFBC}") = "BulkyBook.DataAccess", "BulkyBook.DataAccess\BulkyBook.DataAccess.csproj", "{C654415E-D7FF-4367-AC72-8C75021AE4FD}"
EndProject
Project("{FAE04EC0-301F-11D3-BF4B-00C04F79EFBC}") = "BulkyBook.Models", "BulkyBook.Models\BulkyBook.Models.csproj", "{7A225A14-EE17-4EF2-A9DF-0E2AC456E4D6}"
EndProject
Project("{FAE04EC0-301F-11D3-BF4B-00C04F79EFBC}") = "BulkyBook.Utility", "BulkyBook.Utility\BulkyBook.Utility.csproj", "{988616D5-17EB-4169-894C-25129359AEFA}"
EndProject
Project("{FAE04EC0-301F-11D3-BF4B-00C04F79EFBC}") = "BulkyBookWeb", "BulkyBookWeb\BulkyBookWeb.csproj", "{182C2616-3553-4C88-AA86-E750CF4C9A05}"
EndProject
Global
	GlobalSection(SolutionConfigurationPlatforms) = preSolution
		Debug|Any CPU = Debug|Any CPU
		Release|Any CPU = Release|Any CPU
	EndGlobalSection
	GlobalSection(ProjectConfigurationPlatforms) = postSolution
		{C654415E-D7FF-4367-AC72-8C75021AE4FD}.Debug|Any CPU.ActiveCfg = Debug|Any CPU
		{C654415E-D7FF-4367-AC72-8C75021AE4FD}.Debug|Any CPU.Build.0 = Debug|Any CPU
		{C654415E-D7FF-4367-AC72-8C75021AE4FD}.Release|Any CPU.ActiveCfg = Release|Any CPU
		{C654415E-D7FF-4367-AC72-8C75021AE4FD}.Release|Any CPU.Build.0 = Release|Any CPU
		{7A225A14-EE17-4EF2-A9DF-0E2AC456E4D6}.Debug|Any CPU.ActiveCfg = Debug|Any CPU
		{7A225A14-EE17-4EF2-A9DF-0E2AC456E4D6}.Debug|Any CPU.Build.0 = Debug|Any CPU
		{7A225A14-EE17-4EF2-A9DF-0E2AC456E4D6}.Release|Any CPU.ActiveCfg = Release|Any CPU
		{7A225A14-EE17-4EF2-A9DF-0E2AC456E4D6}.Release|Any CPU.Build.0 = Release|Any CPU
		{988616D5-17EB-4169-894C-25129359AEFA}.Debug|Any CPU.ActiveCfg = Debug|Any CPU
		{988616D5-17EB-4169-894C-25129359AEFA}.Debug|Any CPU.Build.0 = Debug|Any CPU
		{988616D5-17EB-4169-894C-25129359AEFA}.Release|Any CPU.ActiveCfg = Release|Any CPU
		{988616D5-17EB-4169-894C-25129359AEFA}.Release|Any CPU.Build.0 = Release|Any CPU
		{182C2616-3553-4C88-AA86-E750CF4C9A05}.Debug|Any CPU.ActiveCfg = Debug|Any CPU
		{182C2616-3553-4C88-AA86-E750CF4C9A05}.Debug|Any CPU.Build.0 = Debug|Any CPU
		{182C2616-3553-4C88-AA86-E750CF4C9A05}.Release|Any CPU.ActiveCfg = Release|Any CPU
		{182C2616-3553-4C88-AA86-E750CF4C9A05}.Release|Any CPU.Build.0 = Release|Any CPU
	EndGlobalSection
	GlobalSection(SolutionProperties) = preSolution
		HideSolutionNode = FALSE
	EndGlobalSection
	GlobalSection(ExtensibilityGlobals) = postSolution
		SolutionGuid = {60DB8F61-CBE8-4BF1-9C76-7D2CD2CA2A8C}
	EndGlobalSection
EndGlobal
