
Microsoft Visual Studio Solution File, Format Version 12.00
# Visual Studio Version 17
VisualStudioVersion = 17.7.34003.232
MinimumVisualStudioVersion = 10.0.40219.1
Project("{FAE04EC0-301F-11D3-BF4B-00C04F79EFBC}") = "Sesson07", "Sesson07\Sesson07.csproj", "{F950912C-A6B2-4E6A-88C1-6F181EF437E0}"
EndProject
Project("{FAE04EC0-301F-11D3-BF4B-00C04F79EFBC}") = "Lab07", "Lab07\Lab07.csproj", "{7ED092DC-8508-4605-8B72-A746FF0AADD3}"
EndProject
Global
	GlobalSection(SolutionConfigurationPlatforms) = preSolution
		Debug|Any CPU = Debug|Any CPU
		Release|Any CPU = Release|Any CPU
	EndGlobalSection
	GlobalSection(ProjectConfigurationPlatforms) = postSolution
		{F950912C-A6B2-4E6A-88C1-6F181EF437E0}.Debug|Any CPU.ActiveCfg = Debug|Any CPU
		{F950912C-A6B2-4E6A-88C1-6F181EF437E0}.Debug|Any CPU.Build.0 = Debug|Any CPU
		{F950912C-A6B2-4E6A-88C1-6F181EF437E0}.Release|Any CPU.ActiveCfg = Release|Any CPU
		{F950912C-A6B2-4E6A-88C1-6F181EF437E0}.Release|Any CPU.Build.0 = Release|Any CPU
		{7ED092DC-8508-4605-8B72-A746FF0AADD3}.Debug|Any CPU.ActiveCfg = Debug|Any CPU
		{7ED092DC-8508-4605-8B72-A746FF0AADD3}.Debug|Any CPU.Build.0 = Debug|Any CPU
		{7ED092DC-8508-4605-8B72-A746FF0AADD3}.Release|Any CPU.ActiveCfg = Release|Any CPU
		{7ED092DC-8508-4605-8B72-A746FF0AADD3}.Release|Any CPU.Build.0 = Release|Any CPU
	EndGlobalSection
	GlobalSection(SolutionProperties) = preSolution
		HideSolutionNode = FALSE
	EndGlobalSection
	GlobalSection(ExtensibilityGlobals) = postSolution
		SolutionGuid = {43E11DFB-382E-4A95-AD6C-0EFBA416B8E0}
	EndGlobalSection
EndGlobal
