
Microsoft Visual Studio Solution File, Format Version 12.00
# Visual Studio Version 17
VisualStudioVersion = 17.6.33815.320
MinimumVisualStudioVersion = 10.0.40219.1
Project("{FAE04EC0-301F-11D3-BF4B-00C04F79EFBC}") = "MyWEB_API_Web", "MyWEB_API_Web.csproj", "{201287D0-C527-4A79-8B06-63B9F4B490E5}"
EndProject
Global
	GlobalSection(SolutionConfigurationPlatforms) = preSolution
		Debug|Any CPU = Debug|Any CPU
		Release|Any CPU = Release|Any CPU
	EndGlobalSection
	GlobalSection(ProjectConfigurationPlatforms) = postSolution
		{201287D0-C527-4A79-8B06-63B9F4B490E5}.Debug|Any CPU.ActiveCfg = Debug|Any CPU
		{201287D0-C527-4A79-8B06-63B9F4B490E5}.Debug|Any CPU.Build.0 = Debug|Any CPU
		{201287D0-C527-4A79-8B06-63B9F4B490E5}.Release|Any CPU.ActiveCfg = Release|Any CPU
		{201287D0-C527-4A79-8B06-63B9F4B490E5}.Release|Any CPU.Build.0 = Release|Any CPU
	EndGlobalSection
	GlobalSection(SolutionProperties) = preSolution
		HideSolutionNode = FALSE
	EndGlobalSection
	GlobalSection(ExtensibilityGlobals) = postSolution
		SolutionGuid = {27954E7E-D99B-49D6-90DD-D196CCA95490}
	EndGlobalSection
EndGlobal
