
Microsoft Visual Studio Solution File, Format Version 12.00
# Visual Studio Version 17
VisualStudioVersion = 17.7.34003.232
MinimumVisualStudioVersion = 10.0.40219.1
Project("{FAE04EC0-301F-11D3-BF4B-00C04F79EFBC}") = "Lab06", "Lab06\Lab06.csproj", "{AFDE5CF7-9616-4636-96A9-B32CD4C44B57}"
EndProject
Global
	GlobalSection(SolutionConfigurationPlatforms) = preSolution
		Debug|Any CPU = Debug|Any CPU
		Release|Any CPU = Release|Any CPU
	EndGlobalSection
	GlobalSection(ProjectConfigurationPlatforms) = postSolution
		{AFDE5CF7-9616-4636-96A9-B32CD4C44B57}.Debug|Any CPU.ActiveCfg = Debug|Any CPU
		{AFDE5CF7-9616-4636-96A9-B32CD4C44B57}.Debug|Any CPU.Build.0 = Debug|Any CPU
		{AFDE5CF7-9616-4636-96A9-B32CD4C44B57}.Release|Any CPU.ActiveCfg = Release|Any CPU
		{AFDE5CF7-9616-4636-96A9-B32CD4C44B57}.Release|Any CPU.Build.0 = Release|Any CPU
	EndGlobalSection
	GlobalSection(SolutionProperties) = preSolution
		HideSolutionNode = FALSE
	EndGlobalSection
	GlobalSection(ExtensibilityGlobals) = postSolution
		SolutionGuid = {3C207ECB-12C4-4458-B604-56EAFF0C1952}
	EndGlobalSection
EndGlobal
